%{"distillery": {:hex, :distillery, "1.2.2", "d5a52920cbe2378c8a21dfc83b526b4225944b9dce7bf170fe5f5cddda81ffb3", [:mix], []},
  "elixir_ale": {:hex, :elixir_ale, "0.5.7", "f6b978dd30dc3ecf2b5feaef862d30873c6a6fdca41fc7f6bb743d6783b3fe4b", [:make, :mix], [{:elixir_make, "~> 0.4", [hex: :elixir_make, optional: false]}]},
  "elixir_make": {:hex, :elixir_make, "0.4.0", "992f38fabe705bb45821a728f20914c554b276838433349d4f2341f7a687cddf", [:mix], []},
  "grovepi": {:git, "https://github.com/fhunleth/grovepi.git", "9def6a07b9f0e5f198560fae84129391fc321d7e", [branch: "master"]},
  "nerves": {:hex, :nerves, "0.4.8", "aedce69c1eff33dada9457ab24fefdaf0fec877254721871f91c51365f89a5c2", [:mix], [{:distillery, "~> 1.0", [hex: :distillery, optional: false]}]},
  "nerves_leds": {:hex, :nerves_leds, "0.8.0", "193692767dca1a201b09113d242648493b9be0087bab83ebee99c3b0a254f5e1", [:mix], []},
  "nerves_system_br": {:hex, :nerves_system_br, "0.8.2", "f9917e75b54fb3eadbd67c2123ac1406d0a7fdef24f1960e3577c759d0a6fbc7", [:mix], []},
  "nerves_system_rpi": {:hex, :nerves_system_rpi, "0.9.1", "177127cbffb46ba98cc201ba31cb850a0880678e19cc7d16193b1418ddde9f7c", [:mix], [{:nerves, "~> 0.4.0", [hex: :nerves, optional: false]}, {:nerves_system_br, "~> 0.8.1", [hex: :nerves_system_br, optional: false]}, {:nerves_toolchain_armv6_rpi_linux_gnueabi, "~> 0.8.0", [hex: :nerves_toolchain_armv6_rpi_linux_gnueabi, optional: false]}]},
  "nerves_system_rpi3": {:hex, :nerves_system_rpi3, "0.9.1", "4cccb5ec4f34c1dafea1ee613ffefd31db82da545ac37cefb197da5c804a235b", [:mix], [{:nerves, "~> 0.4.0", [hex: :nerves, optional: false]}, {:nerves_system_br, "~> 0.8.1", [hex: :nerves_system_br, optional: false]}, {:nerves_toolchain_arm_unknown_linux_gnueabihf, "~> 0.8.0", [hex: :nerves_toolchain_arm_unknown_linux_gnueabihf, optional: false]}]},
  "nerves_toolchain_arm_unknown_linux_gnueabihf": {:hex, :nerves_toolchain_arm_unknown_linux_gnueabihf, "0.8.0", "873f8d6f74413c14eda3462b397a88f043a6c3bd65f56ff57db4e2e1eaf48994", [:mix], [{:nerves, "~> 0.4.0", [hex: :nerves, optional: false]}, {:nerves_toolchain_ctng, "~> 0.8.0", [hex: :nerves_toolchain_ctng, optional: false]}]},
  "nerves_toolchain_armv6_rpi_linux_gnueabi": {:hex, :nerves_toolchain_armv6_rpi_linux_gnueabi, "0.8.0", "7e46564ce2b8eca7fed4d50a41a5bb7381d817e6d80d198c22e204758f49ff11", [:mix], [{:nerves, "~> 0.4.0", [hex: :nerves, optional: false]}, {:nerves_toolchain_ctng, "~> 0.8.0", [hex: :nerves_toolchain_ctng, optional: false]}]},
  "nerves_toolchain_ctng": {:hex, :nerves_toolchain_ctng, "0.8.0", "6dff7ed51e1711c5f4da3d559bc528a8265e3dd950dda95f4d6832aed9dbe320", [:mix], []},
  "nerves_uart": {:hex, :nerves_uart, "0.1.1", "32e6186b1a1b1d744631126df0b6c4049ddde5b04bc0303de29ab86a2edf60a2", [:make, :mix], [{:elixir_make, "~> 0.3", [hex: :elixir_make, optional: false]}]}}
